
Microsoft Visual Studio Solution File, Format Version 12.00
# Visual Studio Version 17
VisualStudioVersion = 17.2.32630.192
MinimumVisualStudioVersion = 10.0.40219.1
Project("{FAE04EC0-301F-11D3-BF4B-00C04F79EFBC}") = "WHO Survey System", "WHO Survey System\WHO Survey System.csproj", "{7CA890D1-1936-4651-82CE-2C8F84F04EF9}"
EndProject
Global
	GlobalSection(SolutionConfigurationPlatforms) = preSolution
		Debug|Any CPU = Debug|Any CPU
		Release|Any CPU = Release|Any CPU
	EndGlobalSection
	GlobalSection(ProjectConfigurationPlatforms) = postSolution
		{7CA890D1-1936-4651-82CE-2C8F84F04EF9}.Debug|Any CPU.ActiveCfg = Debug|Any CPU
		{7CA890D1-1936-4651-82CE-2C8F84F04EF9}.Debug|Any CPU.Build.0 = Debug|Any CPU
		{7CA890D1-1936-4651-82CE-2C8F84F04EF9}.Release|Any CPU.ActiveCfg = Release|Any CPU
		{7CA890D1-1936-4651-82CE-2C8F84F04EF9}.Release|Any CPU.Build.0 = Release|Any CPU
	EndGlobalSection
	GlobalSection(SolutionProperties) = preSolution
		HideSolutionNode = FALSE
	EndGlobalSection
	GlobalSection(ExtensibilityGlobals) = postSolution
		SolutionGuid = {00A95DCD-1052-4B63-899E-0A4C1F253A33}
	EndGlobalSection
EndGlobal
